
Microsoft Visual Studio Solution File, Format Version 12.00
# Visual Studio Version 17
VisualStudioVersion = 17.8.34316.72
MinimumVisualStudioVersion = 10.0.40219.1
Project("{9A19103F-16F7-4668-BE54-9A1E7A4F7556}") = "Informatik.KinoMS", "Informatik.KinoMS\Informatik.KinoMS\Informatik.KinoMS.csproj", "{55BBCBF8-019E-40D4-B8CF-946A01600F6E}"
EndProject
Project("{9A19103F-16F7-4668-BE54-9A1E7A4F7556}") = "Informatik.KinoMS.Client", "Informatik.KinoMS\Informatik.KinoMS.Client\Informatik.KinoMS.Client.csproj", "{FA59D51C-624C-4E42-B578-6E3461EE4467}"
EndProject
Global
	GlobalSection(SolutionConfigurationPlatforms) = preSolution
		Debug|Any CPU = Debug|Any CPU
		Release|Any CPU = Release|Any CPU
	EndGlobalSection
	GlobalSection(ProjectConfigurationPlatforms) = postSolution
		{55BBCBF8-019E-40D4-B8CF-946A01600F6E}.Debug|Any CPU.ActiveCfg = Debug|Any CPU
		{55BBCBF8-019E-40D4-B8CF-946A01600F6E}.Debug|Any CPU.Build.0 = Debug|Any CPU
		{55BBCBF8-019E-40D4-B8CF-946A01600F6E}.Release|Any CPU.ActiveCfg = Release|Any CPU
		{55BBCBF8-019E-40D4-B8CF-946A01600F6E}.Release|Any CPU.Build.0 = Release|Any CPU
		{FA59D51C-624C-4E42-B578-6E3461EE4467}.Debug|Any CPU.ActiveCfg = Debug|Any CPU
		{FA59D51C-624C-4E42-B578-6E3461EE4467}.Debug|Any CPU.Build.0 = Debug|Any CPU
		{FA59D51C-624C-4E42-B578-6E3461EE4467}.Release|Any CPU.ActiveCfg = Release|Any CPU
		{FA59D51C-624C-4E42-B578-6E3461EE4467}.Release|Any CPU.Build.0 = Release|Any CPU
	EndGlobalSection
	GlobalSection(SolutionProperties) = preSolution
		HideSolutionNode = FALSE
	EndGlobalSection
	GlobalSection(ExtensibilityGlobals) = postSolution
		SolutionGuid = {26DAD234-10F0-4056-94FE-C6761B3583D7}
	EndGlobalSection
EndGlobal
